// !$*UTF8*$!
{
	archiveVersion = 1;
	classes = {
	};
	objectVersion = 56;
	objects = {

/* Begin PBXBuildFile section */
		BC025C5728DE3CDC00E55CF0 /* HistoryChartView.swift in Sources */ = {isa = PBXBuildFile; fileRef = BC025C5628DE3CDC00E55CF0 /* HistoryChartView.swift */; };
		BC50DD2128D3AC33000A632F /* HabitStore.swift in Sources */ = {isa = PBXBuildFile; fileRef = BC50DD2028D3AC33000A632F /* HabitStore.swift */; };
		BC5A3BCF28CDEEA100CAF319 /* Habit.swift in Sources */ = {isa = PBXBuildFile; fileRef = BC5A3BCE28CDEEA100CAF319 /* Habit.swift */; };
		BC5A3BD628CDF44700CAF319 /* HabitsView.swift in Sources */ = {isa = PBXBuildFile; fileRef = BC5A3BD528CDF44700CAF319 /* HabitsView.swift */; };
		BC5A3BD828CDF4B800CAF319 /* HabitSummaryView.swift in Sources */ = {isa = PBXBuildFile; fileRef = BC5A3BD728CDF4B800CAF319 /* HabitSummaryView.swift */; };
		BC5A3BDC28CE137B00CAF319 /* HabitDetailView.swift in Sources */ = {isa = PBXBuildFile; fileRef = BC5A3BDB28CE137B00CAF319 /* HabitDetailView.swift */; };
		BC5A3BDE28CE161000CAF319 /* HabitEditView.swift in Sources */ = {isa = PBXBuildFile; fileRef = BC5A3BDD28CE161000CAF319 /* HabitEditView.swift */; };
		BCC3857A28DF1A9D00DB8E49 /* ChartEntry.swift in Sources */ = {isa = PBXBuildFile; fileRef = BCC3857928DF1A9D00DB8E49 /* ChartEntry.swift */; };
		BCC3857C28DF215C00DB8E49 /* Utils.swift in Sources */ = {isa = PBXBuildFile; fileRef = BCC3857B28DF215C00DB8E49 /* Utils.swift */; };
		BCC3857E28DF255E00DB8E49 /* ScoreChartView.swift in Sources */ = {isa = PBXBuildFile; fileRef = BCC3857D28DF255E00DB8E49 /* ScoreChartView.swift */; };
		BCD3692F28CCADD300B48135 /* HabitsApp.swift in Sources */ = {isa = PBXBuildFile; fileRef = BCD3692E28CCADD300B48135 /* HabitsApp.swift */; };
		BCD3693328CCADD400B48135 /* Assets.xcassets in Resources */ = {isa = PBXBuildFile; fileRef = BCD3693228CCADD400B48135 /* Assets.xcassets */; };
		BCD3693628CCADD400B48135 /* Preview Assets.xcassets in Resources */ = {isa = PBXBuildFile; fileRef = BCD3693528CCADD400B48135 /* Preview Assets.xcassets */; };
		BCD3694028CCADD400B48135 /* HabitsTests.swift in Sources */ = {isa = PBXBuildFile; fileRef = BCD3693F28CCADD400B48135 /* HabitsTests.swift */; };
		BCD3694A28CCADD400B48135 /* HabitsUITests.swift in Sources */ = {isa = PBXBuildFile; fileRef = BCD3694928CCADD400B48135 /* HabitsUITests.swift */; };
		BCD3694C28CCADD400B48135 /* HabitsUITestsLaunchTests.swift in Sources */ = {isa = PBXBuildFile; fileRef = BCD3694B28CCADD400B48135 /* HabitsUITestsLaunchTests.swift */; };
/* End PBXBuildFile section */

/* Begin PBXContainerItemProxy section */
		BCD3693C28CCADD400B48135 /* PBXContainerItemProxy */ = {
			isa = PBXContainerItemProxy;
			containerPortal = BCD3692328CCADD300B48135 /* Project object */;
			proxyType = 1;
			remoteGlobalIDString = BCD3692A28CCADD300B48135;
			remoteInfo = Habits;
		};
		BCD3694628CCADD400B48135 /* PBXContainerItemProxy */ = {
			isa = PBXContainerItemProxy;
			containerPortal = BCD3692328CCADD300B48135 /* Project object */;
			proxyType = 1;
			remoteGlobalIDString = BCD3692A28CCADD300B48135;
			remoteInfo = Habits;
		};
/* End PBXContainerItemProxy section */

/* Begin PBXFileReference section */
		BC025C5628DE3CDC00E55CF0 /* HistoryChartView.swift */ = {isa = PBXFileReference; lastKnownFileType = sourcecode.swift; path = HistoryChartView.swift; sourceTree = "<group>"; };
		BC50DD2028D3AC33000A632F /* HabitStore.swift */ = {isa = PBXFileReference; lastKnownFileType = sourcecode.swift; path = HabitStore.swift; sourceTree = "<group>"; };
		BC5A3BCE28CDEEA100CAF319 /* Habit.swift */ = {isa = PBXFileReference; lastKnownFileType = sourcecode.swift; path = Habit.swift; sourceTree = "<group>"; };
		BC5A3BD428CDF32500CAF319 /* README.md */ = {isa = PBXFileReference; lastKnownFileType = net.daringfireball.markdown; path = README.md; sourceTree = SOURCE_ROOT; };
		BC5A3BD528CDF44700CAF319 /* HabitsView.swift */ = {isa = PBXFileReference; lastKnownFileType = sourcecode.swift; path = HabitsView.swift; sourceTree = "<group>"; };
		BC5A3BD728CDF4B800CAF319 /* HabitSummaryView.swift */ = {isa = PBXFileReference; lastKnownFileType = sourcecode.swift; path = HabitSummaryView.swift; sourceTree = "<group>"; };
		BC5A3BDB28CE137B00CAF319 /* HabitDetailView.swift */ = {isa = PBXFileReference; lastKnownFileType = sourcecode.swift; path = HabitDetailView.swift; sourceTree = "<group>"; };
		BC5A3BDD28CE161000CAF319 /* HabitEditView.swift */ = {isa = PBXFileReference; lastKnownFileType = sourcecode.swift; path = HabitEditView.swift; sourceTree = "<group>"; };
		BCC3857928DF1A9D00DB8E49 /* ChartEntry.swift */ = {isa = PBXFileReference; lastKnownFileType = sourcecode.swift; path = ChartEntry.swift; sourceTree = "<group>"; };
		BCC3857B28DF215C00DB8E49 /* Utils.swift */ = {isa = PBXFileReference; lastKnownFileType = sourcecode.swift; path = Utils.swift; sourceTree = "<group>"; };
		BCC3857D28DF255E00DB8E49 /* ScoreChartView.swift */ = {isa = PBXFileReference; lastKnownFileType = sourcecode.swift; path = ScoreChartView.swift; sourceTree = "<group>"; };
		BCD3692B28CCADD300B48135 /* Habits.app */ = {isa = PBXFileReference; explicitFileType = wrapper.application; includeInIndex = 0; path = Habits.app; sourceTree = BUILT_PRODUCTS_DIR; };
		BCD3692E28CCADD300B48135 /* HabitsApp.swift */ = {isa = PBXFileReference; lastKnownFileType = sourcecode.swift; path = HabitsApp.swift; sourceTree = "<group>"; };
		BCD3693228CCADD400B48135 /* Assets.xcassets */ = {isa = PBXFileReference; lastKnownFileType = folder.assetcatalog; path = Assets.xcassets; sourceTree = "<group>"; };
		BCD3693528CCADD400B48135 /* Preview Assets.xcassets */ = {isa = PBXFileReference; lastKnownFileType = folder.assetcatalog; path = "Preview Assets.xcassets"; sourceTree = "<group>"; };
		BCD3693B28CCADD400B48135 /* HabitsTests.xctest */ = {isa = PBXFileReference; explicitFileType = wrapper.cfbundle; includeInIndex = 0; path = HabitsTests.xctest; sourceTree = BUILT_PRODUCTS_DIR; };
		BCD3693F28CCADD400B48135 /* HabitsTests.swift */ = {isa = PBXFileReference; lastKnownFileType = sourcecode.swift; path = HabitsTests.swift; sourceTree = "<group>"; };
		BCD3694528CCADD400B48135 /* HabitsUITests.xctest */ = {isa = PBXFileReference; explicitFileType = wrapper.cfbundle; includeInIndex = 0; path = HabitsUITests.xctest; sourceTree = BUILT_PRODUCTS_DIR; };
		BCD3694928CCADD400B48135 /* HabitsUITests.swift */ = {isa = PBXFileReference; lastKnownFileType = sourcecode.swift; path = HabitsUITests.swift; sourceTree = "<group>"; };
		BCD3694B28CCADD400B48135 /* HabitsUITestsLaunchTests.swift */ = {isa = PBXFileReference; lastKnownFileType = sourcecode.swift; path = HabitsUITestsLaunchTests.swift; sourceTree = "<group>"; };
/* End PBXFileReference section */

/* Begin PBXFrameworksBuildPhase section */
		BCD3692828CCADD300B48135 /* Frameworks */ = {
			isa = PBXFrameworksBuildPhase;
			buildActionMask = 2147483647;
			files = (
			);
			runOnlyForDeploymentPostprocessing = 0;
		};
		BCD3693828CCADD400B48135 /* Frameworks */ = {
			isa = PBXFrameworksBuildPhase;
			buildActionMask = 2147483647;
			files = (
			);
			runOnlyForDeploymentPostprocessing = 0;
		};
		BCD3694228CCADD400B48135 /* Frameworks */ = {
			isa = PBXFrameworksBuildPhase;
			buildActionMask = 2147483647;
			files = (
			);
			runOnlyForDeploymentPostprocessing = 0;
		};
/* End PBXFrameworksBuildPhase section */

/* Begin PBXGroup section */
		BC5A3BCD28CDEE8E00CAF319 /* Models */ = {
			isa = PBXGroup;
			children = (
				BC5A3BCE28CDEEA100CAF319 /* Habit.swift */,
				BC50DD2028D3AC33000A632F /* HabitStore.swift */,
				BCC3857928DF1A9D00DB8E49 /* ChartEntry.swift */,
				BCC3857B28DF215C00DB8E49 /* Utils.swift */,
			);
			path = Models;
			sourceTree = "<group>";
		};
		BCD3692228CCADD300B48135 = {
			isa = PBXGroup;
			children = (
				BC5A3BD428CDF32500CAF319 /* README.md */,
				BCD3692D28CCADD300B48135 /* Habits */,
				BCD3693E28CCADD400B48135 /* HabitsTests */,
				BCD3694828CCADD400B48135 /* HabitsUITests */,
				BCD3692C28CCADD300B48135 /* Products */,
			);
			sourceTree = "<group>";
		};
		BCD3692C28CCADD300B48135 /* Products */ = {
			isa = PBXGroup;
			children = (
				BCD3692B28CCADD300B48135 /* Habits.app */,
				BCD3693B28CCADD400B48135 /* HabitsTests.xctest */,
				BCD3694528CCADD400B48135 /* HabitsUITests.xctest */,
			);
			name = Products;
			sourceTree = "<group>";
		};
		BCD3692D28CCADD300B48135 /* Habits */ = {
			isa = PBXGroup;
			children = (
				BC5A3BCD28CDEE8E00CAF319 /* Models */,
				BCD3692E28CCADD300B48135 /* HabitsApp.swift */,
				BC5A3BD528CDF44700CAF319 /* HabitsView.swift */,
				BC5A3BD728CDF4B800CAF319 /* HabitSummaryView.swift */,
				BC5A3BDB28CE137B00CAF319 /* HabitDetailView.swift */,
				BC5A3BDD28CE161000CAF319 /* HabitEditView.swift */,
				BC025C5628DE3CDC00E55CF0 /* HistoryChartView.swift */,
				BCC3857D28DF255E00DB8E49 /* ScoreChartView.swift */,
				BCD3693228CCADD400B48135 /* Assets.xcassets */,
				BCD3693428CCADD400B48135 /* Preview Content */,
			);
			path = Habits;
			sourceTree = "<group>";
		};
		BCD3693428CCADD400B48135 /* Preview Content */ = {
			isa = PBXGroup;
			children = (
				BCD3693528CCADD400B48135 /* Preview Assets.xcassets */,
			);
			path = "Preview Content";
			sourceTree = "<group>";
		};
		BCD3693E28CCADD400B48135 /* HabitsTests */ = {
			isa = PBXGroup;
			children = (
				BCD3693F28CCADD400B48135 /* HabitsTests.swift */,
			);
			path = HabitsTests;
			sourceTree = "<group>";
		};
		BCD3694828CCADD400B48135 /* HabitsUITests */ = {
			isa = PBXGroup;
			children = (
				BCD3694928CCADD400B48135 /* HabitsUITests.swift */,
				BCD3694B28CCADD400B48135 /* HabitsUITestsLaunchTests.swift */,
			);
			path = HabitsUITests;
			sourceTree = "<group>";
		};
/* End PBXGroup section */

/* Begin PBXNativeTarget section */
		BCD3692A28CCADD300B48135 /* Habits */ = {
			isa = PBXNativeTarget;
			buildConfigurationList = BCD3694F28CCADD400B48135 /* Build configuration list for PBXNativeTarget "Habits" */;
			buildPhases = (
				BCD3692728CCADD300B48135 /* Sources */,
				BCD3692828CCADD300B48135 /* Frameworks */,
				BCD3692928CCADD300B48135 /* Resources */,
			);
			buildRules = (
			);
			dependencies = (
			);
			name = Habits;
			productName = Habits;
			productReference = BCD3692B28CCADD300B48135 /* Habits.app */;
			productType = "com.apple.product-type.application";
		};
		BCD3693A28CCADD400B48135 /* HabitsTests */ = {
			isa = PBXNativeTarget;
			buildConfigurationList = BCD3695228CCADD400B48135 /* Build configuration list for PBXNativeTarget "HabitsTests" */;
			buildPhases = (
				BCD3693728CCADD400B48135 /* Sources */,
				BCD3693828CCADD400B48135 /* Frameworks */,
				BCD3693928CCADD400B48135 /* Resources */,
			);
			buildRules = (
			);
			dependencies = (
				BCD3693D28CCADD400B48135 /* PBXTargetDependency */,
			);
			name = HabitsTests;
			productName = HabitsTests;
			productReference = BCD3693B28CCADD400B48135 /* HabitsTests.xctest */;
			productType = "com.apple.product-type.bundle.unit-test";
		};
		BCD3694428CCADD400B48135 /* HabitsUITests */ = {
			isa = PBXNativeTarget;
			buildConfigurationList = BCD3695528CCADD400B48135 /* Build configuration list for PBXNativeTarget "HabitsUITests" */;
			buildPhases = (
				BCD3694128CCADD400B48135 /* Sources */,
				BCD3694228CCADD400B48135 /* Frameworks */,
				BCD3694328CCADD400B48135 /* Resources */,
			);
			buildRules = (
			);
			dependencies = (
				BCD3694728CCADD400B48135 /* PBXTargetDependency */,
			);
			name = HabitsUITests;
			productName = HabitsUITests;
			productReference = BCD3694528CCADD400B48135 /* HabitsUITests.xctest */;
			productType = "com.apple.product-type.bundle.ui-testing";
		};
/* End PBXNativeTarget section */

/* Begin PBXProject section */
		BCD3692328CCADD300B48135 /* Project object */ = {
			isa = PBXProject;
			attributes = {
				BuildIndependentTargetsInParallel = 1;
				LastSwiftUpdateCheck = 1400;
				LastUpgradeCheck = 1400;
				TargetAttributes = {
					BCD3692A28CCADD300B48135 = {
						CreatedOnToolsVersion = 14.0;
					};
					BCD3693A28CCADD400B48135 = {
						CreatedOnToolsVersion = 14.0;
						TestTargetID = BCD3692A28CCADD300B48135;
					};
					BCD3694428CCADD400B48135 = {
						CreatedOnToolsVersion = 14.0;
						TestTargetID = BCD3692A28CCADD300B48135;
					};
				};
			};
			buildConfigurationList = BCD3692628CCADD300B48135 /* Build configuration list for PBXProject "Habits" */;
			compatibilityVersion = "Xcode 14.0";
			developmentRegion = en;
			hasScannedForEncodings = 0;
			knownRegions = (
				en,
				Base,
			);
			mainGroup = BCD3692228CCADD300B48135;
			productRefGroup = BCD3692C28CCADD300B48135 /* Products */;
			projectDirPath = "";
			projectRoot = "";
			targets = (
				BCD3692A28CCADD300B48135 /* Habits */,
				BCD3693A28CCADD400B48135 /* HabitsTests */,
				BCD3694428CCADD400B48135 /* HabitsUITests */,
			);
		};
/* End PBXProject section */

/* Begin PBXResourcesBuildPhase section */
		BCD3692928CCADD300B48135 /* Resources */ = {
			isa = PBXResourcesBuildPhase;
			buildActionMask = 2147483647;
			files = (
				BCD3693628CCADD400B48135 /* Preview Assets.xcassets in Resources */,
				BCD3693328CCADD400B48135 /* Assets.xcassets in Resources */,
			);
			runOnlyForDeploymentPostprocessing = 0;
		};
		BCD3693928CCADD400B48135 /* Resources */ = {
			isa = PBXResourcesBuildPhase;
			buildActionMask = 2147483647;
			files = (
			);
			runOnlyForDeploymentPostprocessing = 0;
		};
		BCD3694328CCADD400B48135 /* Resources */ = {
			isa = PBXResourcesBuildPhase;
			buildActionMask = 2147483647;
			files = (
			);
			runOnlyForDeploymentPostprocessing = 0;
		};
/* End PBXResourcesBuildPhase section */

/* Begin PBXSourcesBuildPhase section */
		BCD3692728CCADD300B48135 /* Sources */ = {
			isa = PBXSourcesBuildPhase;
			buildActionMask = 2147483647;
			files = (
				BC5A3BCF28CDEEA100CAF319 /* Habit.swift in Sources */,
				BC5A3BDE28CE161000CAF319 /* HabitEditView.swift in Sources */,
				BC5A3BDC28CE137B00CAF319 /* HabitDetailView.swift in Sources */,
				BCC3857A28DF1A9D00DB8E49 /* ChartEntry.swift in Sources */,
				BC5A3BD628CDF44700CAF319 /* HabitsView.swift in Sources */,
				BCC3857E28DF255E00DB8E49 /* ScoreChartView.swift in Sources */,
				BC5A3BD828CDF4B800CAF319 /* HabitSummaryView.swift in Sources */,
				BC025C5728DE3CDC00E55CF0 /* HistoryChartView.swift in Sources */,
				BC50DD2128D3AC33000A632F /* HabitStore.swift in Sources */,
				BCD3692F28CCADD300B48135 /* HabitsApp.swift in Sources */,
				BCC3857C28DF215C00DB8E49 /* Utils.swift in Sources */,
			);
			runOnlyForDeploymentPostprocessing = 0;
		};
		BCD3693728CCADD400B48135 /* Sources */ = {
			isa = PBXSourcesBuildPhase;
			buildActionMask = 2147483647;
			files = (
				BCD3694028CCADD400B48135 /* HabitsTests.swift in Sources */,
			);
			runOnlyForDeploymentPostprocessing = 0;
		};
		BCD3694128CCADD400B48135 /* Sources */ = {
			isa = PBXSourcesBuildPhase;
			buildActionMask = 2147483647;
			files = (
				BCD3694A28CCADD400B48135 /* HabitsUITests.swift in Sources */,
				BCD3694C28CCADD400B48135 /* HabitsUITestsLaunchTests.swift in Sources */,
			);
			runOnlyForDeploymentPostprocessing = 0;
		};
/* End PBXSourcesBuildPhase section */

/* Begin PBXTargetDependency section */
		BCD3693D28CCADD400B48135 /* PBXTargetDependency */ = {
			isa = PBXTargetDependency;
			target = BCD3692A28CCADD300B48135 /* Habits */;
			targetProxy = BCD3693C28CCADD400B48135 /* PBXContainerItemProxy */;
		};
		BCD3694728CCADD400B48135 /* PBXTargetDependency */ = {
			isa = PBXTargetDependency;
			target = BCD3692A28CCADD300B48135 /* Habits */;
			targetProxy = BCD3694628CCADD400B48135 /* PBXContainerItemProxy */;
		};
/* End PBXTargetDependency section */

/* Begin XCBuildConfiguration section */
		BCD3694D28CCADD400B48135 /* Debug */ = {
			isa = XCBuildConfiguration;
			buildSettings = {
				ALWAYS_SEARCH_USER_PATHS = NO;
				CLANG_ANALYZER_NONNULL = YES;
				CLANG_ANALYZER_NUMBER_OBJECT_CONVERSION = YES_AGGRESSIVE;
				CLANG_CXX_LANGUAGE_STANDARD = "gnu++20";
				CLANG_ENABLE_MODULES = YES;
				CLANG_ENABLE_OBJC_ARC = YES;
				CLANG_ENABLE_OBJC_WEAK = YES;
				CLANG_WARN_BLOCK_CAPTURE_AUTORELEASING = YES;
				CLANG_WARN_BOOL_CONVERSION = YES;
				CLANG_WARN_COMMA = YES;
				CLANG_WARN_CONSTANT_CONVERSION = YES;
				CLANG_WARN_DEPRECATED_OBJC_IMPLEMENTATIONS = YES;
				CLANG_WARN_DIRECT_OBJC_ISA_USAGE = YES_ERROR;
				CLANG_WARN_DOCUMENTATION_COMMENTS = YES;
				CLANG_WARN_EMPTY_BODY = YES;
				CLANG_WARN_ENUM_CONVERSION = YES;
				CLANG_WARN_INFINITE_RECURSION = YES;
				CLANG_WARN_INT_CONVERSION = YES;
				CLANG_WARN_NON_LITERAL_NULL_CONVERSION = YES;
				CLANG_WARN_OBJC_IMPLICIT_RETAIN_SELF = YES;
				CLANG_WARN_OBJC_LITERAL_CONVERSION = YES;
				CLANG_WARN_OBJC_ROOT_CLASS = YES_ERROR;
				CLANG_WARN_QUOTED_INCLUDE_IN_FRAMEWORK_HEADER = YES;
				CLANG_WARN_RANGE_LOOP_ANALYSIS = YES;
				CLANG_WARN_STRICT_PROTOTYPES = YES;
				CLANG_WARN_SUSPICIOUS_MOVE = YES;
				CLANG_WARN_UNGUARDED_AVAILABILITY = YES_AGGRESSIVE;
				CLANG_WARN_UNREACHABLE_CODE = YES;
				CLANG_WARN__DUPLICATE_METHOD_MATCH = YES;
				COPY_PHASE_STRIP = NO;
				DEBUG_INFORMATION_FORMAT = dwarf;
				ENABLE_STRICT_OBJC_MSGSEND = YES;
				ENABLE_TESTABILITY = YES;
				GCC_C_LANGUAGE_STANDARD = gnu11;
				GCC_DYNAMIC_NO_PIC = NO;
				GCC_NO_COMMON_BLOCKS = YES;
				GCC_OPTIMIZATION_LEVEL = 0;
				GCC_PREPROCESSOR_DEFINITIONS = (
					"DEBUG=1",
					"$(inherited)",
				);
				GCC_WARN_64_TO_32_BIT_CONVERSION = YES;
				GCC_WARN_ABOUT_RETURN_TYPE = YES_ERROR;
				GCC_WARN_UNDECLARED_SELECTOR = YES;
				GCC_WARN_UNINITIALIZED_AUTOS = YES_AGGRESSIVE;
				GCC_WARN_UNUSED_FUNCTION = YES;
				GCC_WARN_UNUSED_VARIABLE = YES;
				IPHONEOS_DEPLOYMENT_TARGET = 16.0;
				MTL_ENABLE_DEBUG_INFO = INCLUDE_SOURCE;
				MTL_FAST_MATH = YES;
				ONLY_ACTIVE_ARCH = YES;
				SDKROOT = iphoneos;
				SWIFT_ACTIVE_COMPILATION_CONDITIONS = DEBUG;
				SWIFT_OPTIMIZATION_LEVEL = "-Onone";
			};
			name = Debug;
		};
		BCD3694E28CCADD400B48135 /* Release */ = {
			isa = XCBuildConfiguration;
			buildSettings = {
				ALWAYS_SEARCH_USER_PATHS = NO;
				CLANG_ANALYZER_NONNULL = YES;
				CLANG_ANALYZER_NUMBER_OBJECT_CONVERSION = YES_AGGRESSIVE;
				CLANG_CXX_LANGUAGE_STANDARD = "gnu++20";
				CLANG_ENABLE_MODULES = YES;
				CLANG_ENABLE_OBJC_ARC = YES;
				CLANG_ENABLE_OBJC_WEAK = YES;
				CLANG_WARN_BLOCK_CAPTURE_AUTORELEASING = YES;
				CLANG_WARN_BOOL_CONVERSION = YES;
				CLANG_WARN_COMMA = YES;
				CLANG_WARN_CONSTANT_CONVERSION = YES;
				CLANG_WARN_DEPRECATED_OBJC_IMPLEMENTATIONS = YES;
				CLANG_WARN_DIRECT_OBJC_ISA_USAGE = YES_ERROR;
				CLANG_WARN_DOCUMENTATION_COMMENTS = YES;
				CLANG_WARN_EMPTY_BODY = YES;
				CLANG_WARN_ENUM_CONVERSION = YES;
				CLANG_WARN_INFINITE_RECURSION = YES;
				CLANG_WARN_INT_CONVERSION = YES;
				CLANG_WARN_NON_LITERAL_NULL_CONVERSION = YES;
				CLANG_WARN_OBJC_IMPLICIT_RETAIN_SELF = YES;
				CLANG_WARN_OBJC_LITERAL_CONVERSION = YES;
				CLANG_WARN_OBJC_ROOT_CLASS = YES_ERROR;
				CLANG_WARN_QUOTED_INCLUDE_IN_FRAMEWORK_HEADER = YES;
				CLANG_WARN_RANGE_LOOP_ANALYSIS = YES;
				CLANG_WARN_STRICT_PROTOTYPES = YES;
				CLANG_WARN_SUSPICIOUS_MOVE = YES;
				CLANG_WARN_UNGUARDED_AVAILABILITY = YES_AGGRESSIVE;
				CLANG_WARN_UNREACHABLE_CODE = YES;
				CLANG_WARN__DUPLICATE_METHOD_MATCH = YES;
				COPY_PHASE_STRIP = NO;
				DEBUG_INFORMATION_FORMAT = "dwarf-with-dsym";
				ENABLE_NS_ASSERTIONS = NO;
				ENABLE_STRICT_OBJC_MSGSEND = YES;
				GCC_C_LANGUAGE_STANDARD = gnu11;
				GCC_NO_COMMON_BLOCKS = YES;
				GCC_WARN_64_TO_32_BIT_CONVERSION = YES;
				GCC_WARN_ABOUT_RETURN_TYPE = YES_ERROR;
				GCC_WARN_UNDECLARED_SELECTOR = YES;
				GCC_WARN_UNINITIALIZED_AUTOS = YES_AGGRESSIVE;
				GCC_WARN_UNUSED_FUNCTION = YES;
				GCC_WARN_UNUSED_VARIABLE = YES;
				IPHONEOS_DEPLOYMENT_TARGET = 16.0;
				MTL_ENABLE_DEBUG_INFO = NO;
				MTL_FAST_MATH = YES;
				SDKROOT = iphoneos;
				SWIFT_COMPILATION_MODE = wholemodule;
				SWIFT_OPTIMIZATION_LEVEL = "-O";
				VALIDATE_PRODUCT = YES;
			};
			name = Release;
		};
		BCD3695028CCADD400B48135 /* Debug */ = {
			isa = XCBuildConfiguration;
			buildSettings = {
				ASSETCATALOG_COMPILER_APPICON_NAME = AppIcon;
				ASSETCATALOG_COMPILER_GLOBAL_ACCENT_COLOR_NAME = AccentColor;
				CODE_SIGN_STYLE = Automatic;
				CURRENT_PROJECT_VERSION = 1;
				DEVELOPMENT_ASSET_PATHS = "\"Habits/Preview Content\"";
				ENABLE_PREVIEWS = YES;
				GENERATE_INFOPLIST_FILE = YES;
				INFOPLIST_KEY_UIApplicationSceneManifest_Generation = YES;
				INFOPLIST_KEY_UIApplicationSupportsIndirectInputEvents = YES;
				INFOPLIST_KEY_UILaunchScreen_Generation = YES;
				INFOPLIST_KEY_UISupportedInterfaceOrientations_iPad = "UIInterfaceOrientationPortrait UIInterfaceOrientationPortraitUpsideDown UIInterfaceOrientationLandscapeLeft UIInterfaceOrientationLandscapeRight";
				INFOPLIST_KEY_UISupportedInterfaceOrientations_iPhone = "UIInterfaceOrientationPortrait UIInterfaceOrientationLandscapeLeft UIInterfaceOrientationLandscapeRight";
				LD_RUNPATH_SEARCH_PATHS = (
					"$(inherited)",
					"@executable_path/Frameworks",
				);
				MARKETING_VERSION = 1.0;
				PRODUCT_BUNDLE_IDENTIFIER = com.github.aint.Habits;
				PRODUCT_NAME = "$(TARGET_NAME)";
				SWIFT_EMIT_LOC_STRINGS = YES;
				SWIFT_VERSION = 5.0;
				TARGETED_DEVICE_FAMILY = "1,2";
			};
			name = Debug;
		};
		BCD3695128CCADD400B48135 /* Release */ = {
			isa = XCBuildConfiguration;
			buildSettings = {
				ASSETCATALOG_COMPILER_APPICON_NAME = AppIcon;
				ASSETCATALOG_COMPILER_GLOBAL_ACCENT_COLOR_NAME = AccentColor;
				CODE_SIGN_STYLE = Automatic;
				CURRENT_PROJECT_VERSION = 1;
				DEVELOPMENT_ASSET_PATHS = "\"Habits/Preview Content\"";
				ENABLE_PREVIEWS = YES;
				GENERATE_INFOPLIST_FILE = YES;
				INFOPLIST_KEY_UIApplicationSceneManifest_Generation = YES;
				INFOPLIST_KEY_UIApplicationSupportsIndirectInputEvents = YES;
				INFOPLIST_KEY_UILaunchScreen_Generation = YES;
				INFOPLIST_KEY_UISupportedInterfaceOrientations_iPad = "UIInterfaceOrientationPortrait UIInterfaceOrientationPortraitUpsideDown UIInterfaceOrientationLandscapeLeft UIInterfaceOrientationLandscapeRight";
				INFOPLIST_KEY_UISupportedInterfaceOrientations_iPhone = "UIInterfaceOrientationPortrait UIInterfaceOrientationLandscapeLeft UIInterfaceOrientationLandscapeRight";
				LD_RUNPATH_SEARCH_PATHS = (
					"$(inherited)",
					"@executable_path/Frameworks",
				);
				MARKETING_VERSION = 1.0;
				PRODUCT_BUNDLE_IDENTIFIER = com.github.aint.Habits;
				PRODUCT_NAME = "$(TARGET_NAME)";
				SWIFT_EMIT_LOC_STRINGS = YES;
				SWIFT_VERSION = 5.0;
				TARGETED_DEVICE_FAMILY = "1,2";
			};
			name = Release;
		};
		BCD3695328CCADD400B48135 /* Debug */ = {
			isa = XCBuildConfiguration;
			buildSettings = {
				ALWAYS_EMBED_SWIFT_STANDARD_LIBRARIES = YES;
				BUNDLE_LOADER = "$(TEST_HOST)";
				CODE_SIGN_STYLE = Automatic;
				CURRENT_PROJECT_VERSION = 1;
				GENERATE_INFOPLIST_FILE = YES;
				IPHONEOS_DEPLOYMENT_TARGET = 16.0;
				MARKETING_VERSION = 1.0;
				PRODUCT_BUNDLE_IDENTIFIER = com.github.aint.HabitsTests;
				PRODUCT_NAME = "$(TARGET_NAME)";
				SWIFT_EMIT_LOC_STRINGS = NO;
				SWIFT_VERSION = 5.0;
				TARGETED_DEVICE_FAMILY = "1,2";
				TEST_HOST = "$(BUILT_PRODUCTS_DIR)/Habits.app/$(BUNDLE_EXECUTABLE_FOLDER_PATH)/Habits";
			};
			name = Debug;
		};
		BCD3695428CCADD400B48135 /* Release */ = {
			isa = XCBuildConfiguration;
			buildSettings = {
				ALWAYS_EMBED_SWIFT_STANDARD_LIBRARIES = YES;
				BUNDLE_LOADER = "$(TEST_HOST)";
				CODE_SIGN_STYLE = Automatic;
				CURRENT_PROJECT_VERSION = 1;
				GENERATE_INFOPLIST_FILE = YES;
				IPHONEOS_DEPLOYMENT_TARGET = 16.0;
				MARKETING_VERSION = 1.0;
				PRODUCT_BUNDLE_IDENTIFIER = com.github.aint.HabitsTests;
				PRODUCT_NAME = "$(TARGET_NAME)";
				SWIFT_EMIT_LOC_STRINGS = NO;
				SWIFT_VERSION = 5.0;
				TARGETED_DEVICE_FAMILY = "1,2";
				TEST_HOST = "$(BUILT_PRODUCTS_DIR)/Habits.app/$(BUNDLE_EXECUTABLE_FOLDER_PATH)/Habits";
			};
			name = Release;
		};
		BCD3695628CCADD400B48135 /* Debug */ = {
			isa = XCBuildConfiguration;
			buildSettings = {
				ALWAYS_EMBED_SWIFT_STANDARD_LIBRARIES = YES;
				CODE_SIGN_STYLE = Automatic;
				CURRENT_PROJECT_VERSION = 1;
				GENERATE_INFOPLIST_FILE = YES;
				MARKETING_VERSION = 1.0;
				PRODUCT_BUNDLE_IDENTIFIER = com.github.aint.HabitsUITests;
				PRODUCT_NAME = "$(TARGET_NAME)";
				SWIFT_EMIT_LOC_STRINGS = NO;
				SWIFT_VERSION = 5.0;
				TARGETED_DEVICE_FAMILY = "1,2";
				TEST_TARGET_NAME = Habits;
			};
			name = Debug;
		};
		BCD3695728CCADD400B48135 /* Release */ = {
			isa = XCBuildConfiguration;
			buildSettings = {
				ALWAYS_EMBED_SWIFT_STANDARD_LIBRARIES = YES;
				CODE_SIGN_STYLE = Automatic;
				CURRENT_PROJECT_VERSION = 1;
				GENERATE_INFOPLIST_FILE = YES;
				MARKETING_VERSION = 1.0;
				PRODUCT_BUNDLE_IDENTIFIER = com.github.aint.HabitsUITests;
				PRODUCT_NAME = "$(TARGET_NAME)";
				SWIFT_EMIT_LOC_STRINGS = NO;
				SWIFT_VERSION = 5.0;
				TARGETED_DEVICE_FAMILY = "1,2";
				TEST_TARGET_NAME = Habits;
			};
			name = Release;
		};
/* End XCBuildConfiguration section */

/* Begin XCConfigurationList section */
		BCD3692628CCADD300B48135 /* Build configuration list for PBXProject "Habits" */ = {
			isa = XCConfigurationList;
			buildConfigurations = (
				BCD3694D28CCADD400B48135 /* Debug */,
				BCD3694E28CCADD400B48135 /* Release */,
			);
			defaultConfigurationIsVisible = 0;
			defaultConfigurationName = Release;
		};
		BCD3694F28CCADD400B48135 /* Build configuration list for PBXNativeTarget "Habits" */ = {
			isa = XCConfigurationList;
			buildConfigurations = (
				BCD3695028CCADD400B48135 /* Debug */,
				BCD3695128CCADD400B48135 /* Release */,
			);
			defaultConfigurationIsVisible = 0;
			defaultConfigurationName = Release;
		};
		BCD3695228CCADD400B48135 /* Build configuration list for PBXNativeTarget "HabitsTests" */ = {
			isa = XCConfigurationList;
			buildConfigurations = (
				BCD3695328CCADD400B48135 /* Debug */,
				BCD3695428CCADD400B48135 /* Release */,
			);
			defaultConfigurationIsVisible = 0;
			defaultConfigurationName = Release;
		};
		BCD3695528CCADD400B48135 /* Build configuration list for PBXNativeTarget "HabitsUITests" */ = {
			isa = XCConfigurationList;
			buildConfigurations = (
				BCD3695628CCADD400B48135 /* Debug */,
				BCD3695728CCADD400B48135 /* Release */,
			);
			defaultConfigurationIsVisible = 0;
			defaultConfigurationName = Release;
		};
/* End XCConfigurationList section */
	};
	rootObject = BCD3692328CCADD300B48135 /* Project object */;
}
